
Microsoft Visual Studio Solution File, Format Version 12.00
# Visual Studio Version 16
VisualStudioVersion = 16.0.31005.135
MinimumVisualStudioVersion = 10.0.40219.1
Project("{FAE04EC0-301F-11D3-BF4B-00C04F79EFBC}") = "EGTDigital", "EGTDigital\EGTDigital.csproj", "{B60233D1-04AD-45A6-A3EB-84036BBE93E5}"
EndProject
Global
	GlobalSection(SolutionConfigurationPlatforms) = preSolution
		Debug|Any CPU = Debug|Any CPU
		Release|Any CPU = Release|Any CPU
	EndGlobalSection
	GlobalSection(ProjectConfigurationPlatforms) = postSolution
		{B60233D1-04AD-45A6-A3EB-84036BBE93E5}.Debug|Any CPU.ActiveCfg = Debug|Any CPU
		{B60233D1-04AD-45A6-A3EB-84036BBE93E5}.Debug|Any CPU.Build.0 = Debug|Any CPU
		{B60233D1-04AD-45A6-A3EB-84036BBE93E5}.Release|Any CPU.ActiveCfg = Release|Any CPU
		{B60233D1-04AD-45A6-A3EB-84036BBE93E5}.Release|Any CPU.Build.0 = Release|Any CPU
	EndGlobalSection
	GlobalSection(SolutionProperties) = preSolution
		HideSolutionNode = FALSE
	EndGlobalSection
	GlobalSection(ExtensibilityGlobals) = postSolution
		SolutionGuid = {196F0787-072D-409A-ACDA-F811E7CD977A}
	EndGlobalSection
EndGlobal
